
Microsoft Visual Studio Solution File, Format Version 12.00
# Visual Studio Version 16
VisualStudioVersion = 16.0.31129.286
MinimumVisualStudioVersion = 10.0.40219.1
Project("{9A19103F-16F7-4668-BE54-9A1E7A4F7556}") = "AzureFunction2", "AzureFunction2\AzureFunction2.csproj", "{F9898BE1-472B-49A9-B9AC-D0D14CD0124D}"
EndProject
Project("{2150E333-8FDC-42A3-9474-1A3956D46DE8}") = "Solution Items", "Solution Items", "{E23F62A2-5254-46B9-8D99-B051549ABAE2}"
	ProjectSection(SolutionItems) = preProject
		.gitignore = .gitignore
		azure-pipelines.yml = azure-pipelines.yml
		build-template.yml = build-template.yml
		ci.yml = ci.yml
		README.md = README.md
	EndProjectSection
EndProject
Global
	GlobalSection(SolutionConfigurationPlatforms) = preSolution
		Debug|Any CPU = Debug|Any CPU
		Release|Any CPU = Release|Any CPU
	EndGlobalSection
	GlobalSection(ProjectConfigurationPlatforms) = postSolution
		{F9898BE1-472B-49A9-B9AC-D0D14CD0124D}.Debug|Any CPU.ActiveCfg = Debug|Any CPU
		{F9898BE1-472B-49A9-B9AC-D0D14CD0124D}.Debug|Any CPU.Build.0 = Debug|Any CPU
		{F9898BE1-472B-49A9-B9AC-D0D14CD0124D}.Release|Any CPU.ActiveCfg = Release|Any CPU
		{F9898BE1-472B-49A9-B9AC-D0D14CD0124D}.Release|Any CPU.Build.0 = Release|Any CPU
	EndGlobalSection
	GlobalSection(SolutionProperties) = preSolution
		HideSolutionNode = FALSE
	EndGlobalSection
	GlobalSection(ExtensibilityGlobals) = postSolution
		SolutionGuid = {737C5619-E731-4AA0-9F57-99E0C42D92F7}
	EndGlobalSection
EndGlobal
